{
  "name": "patternfly-yew",
  "version": "0.0.1",
  "lockfileVersion": 2,
  "requires": true,
  "packages": {
    "": {
      "name": "patternfly-yew",
      "version": "0.0.1",
      "dependencies": {
        "@patternfly/patternfly": "^4.219.2"
      }
    },
    "node_modules/@patternfly/patternfly": {
      "version": "4.219.2",
      "resolved": "https://registry.npmjs.org/@patternfly/patternfly/-/patternfly-4.219.2.tgz",
      "integrity": "sha512-SZ+9ig6DVygwM6fpldYhRjoyr9KMJTit/ZMyWCUE7DfpTqEr69wQnOaGxfvNlH1UV6G7Z+ALZXeck3Dy1nb9Vw=="
    }
  },
  "dependencies": {
    "@patternfly/patternfly": {
      "version": "4.219.2",
      "resolved": "https://registry.npmjs.org/@patternfly/patternfly/-/patternfly-4.219.2.tgz",
      "integrity": "sha512-SZ+9ig6DVygwM6fpldYhRjoyr9KMJTit/ZMyWCUE7DfpTqEr69wQnOaGxfvNlH1UV6G7Z+ALZXeck3Dy1nb9Vw=="
    }
  }
}
