{
  "name": "patternfly-yew",
  "version": "0.0.1",
  "lockfileVersion": 2,
  "requires": true,
  "packages": {
    "": {
      "name": "patternfly-yew",
      "version": "0.0.1",
      "dependencies": {
        "@patternfly/patternfly": "^4.222.4"
      }
    },
    "node_modules/@patternfly/patternfly": {
      "version": "4.222.4",
      "resolved": "https://registry.npmjs.org/@patternfly/patternfly/-/patternfly-4.222.4.tgz",
      "integrity": "sha512-+0fk4dzxEbWn+hgaOnR0BjfeUdEeVVrqfH7+GFeFc+RKjEMjIR/BZbWWN8YQDezmDv6A32gHmEKaY3Uwbt06Lw=="
    }
  },
  "dependencies": {
    "@patternfly/patternfly": {
      "version": "4.222.4",
      "resolved": "https://registry.npmjs.org/@patternfly/patternfly/-/patternfly-4.222.4.tgz",
      "integrity": "sha512-+0fk4dzxEbWn+hgaOnR0BjfeUdEeVVrqfH7+GFeFc+RKjEMjIR/BZbWWN8YQDezmDv6A32gHmEKaY3Uwbt06Lw=="
    }
  }
}
