{
  "name": "patternfly-yew",
  "version": "0.0.1",
  "lockfileVersion": 2,
  "requires": true,
  "packages": {
    "": {
      "name": "patternfly-yew",
      "version": "0.0.1",
      "dependencies": {
        "@patternfly/patternfly": "^4.224.2"
      }
    },
    "node_modules/@patternfly/patternfly": {
      "version": "4.224.2",
      "resolved": "https://registry.npmjs.org/@patternfly/patternfly/-/patternfly-4.224.2.tgz",
      "integrity": "sha512-HGNV26uyHSIECuhjPg/WGn0mXbAotcs6ODfhAOkfYjIgGylddgiwElxUe1rpEHV5mQJJ2rMn4OdeJIIpzRX61g=="
    }
  },
  "dependencies": {
    "@patternfly/patternfly": {
      "version": "4.224.2",
      "resolved": "https://registry.npmjs.org/@patternfly/patternfly/-/patternfly-4.224.2.tgz",
      "integrity": "sha512-HGNV26uyHSIECuhjPg/WGn0mXbAotcs6ODfhAOkfYjIgGylddgiwElxUe1rpEHV5mQJJ2rMn4OdeJIIpzRX61g=="
    }
  }
}
